
Microsoft Visual Studio Solution File, Format Version 12.00
# Visual Studio Version 17
VisualStudioVersion = 17.2.32519.379
MinimumVisualStudioVersion = 10.0.40219.1
Project("{FAE04EC0-301F-11D3-BF4B-00C04F79EFBC}") = "P4Webshop", "P4Webshop\P4Webshop.csproj", "{C90EC274-A329-42B3-8686-BD34C7DD319F}"
EndProject
Global
	GlobalSection(SolutionConfigurationPlatforms) = preSolution
		Debug|Any CPU = Debug|Any CPU
		Release|Any CPU = Release|Any CPU
	EndGlobalSection
	GlobalSection(ProjectConfigurationPlatforms) = postSolution
		{C90EC274-A329-42B3-8686-BD34C7DD319F}.Debug|Any CPU.ActiveCfg = Debug|Any CPU
		{C90EC274-A329-42B3-8686-BD34C7DD319F}.Debug|Any CPU.Build.0 = Debug|Any CPU
		{C90EC274-A329-42B3-8686-BD34C7DD319F}.Release|Any CPU.ActiveCfg = Release|Any CPU
		{C90EC274-A329-42B3-8686-BD34C7DD319F}.Release|Any CPU.Build.0 = Release|Any CPU
	EndGlobalSection
	GlobalSection(SolutionProperties) = preSolution
		HideSolutionNode = FALSE
	EndGlobalSection
	GlobalSection(ExtensibilityGlobals) = postSolution
		SolutionGuid = {62271CF5-039D-4BA0-88DE-23BD063630D9}
	EndGlobalSection
EndGlobal
